{
  "name": "react-native-redux-i18n",
  "version": "1.0.4",
  "lockfileVersion": 1,
  "requires": true,
  "dependencies": {
    "react-native-i18n": {
      "version": "2.0.12",
      "resolved": "https://registry.npmjs.org/react-native-i18n/-/react-native-i18n-2.0.12.tgz",
      "integrity": "sha512-2eTUk7BVZP5knthCmVt6y7rePFwrxXl4ym2I20e91oTYJnKM22sAjQMnLhRCYZWC4ucRBbe2pUp63uxNdTkkQw==",
      "requires": {
        "i18n-js": "3.0.3"
      },
      "dependencies": {
        "i18n-js": {
          "version": "3.0.3",
          "resolved": "https://registry.npmjs.org/i18n-js/-/i18n-js-3.0.3.tgz",
          "integrity": "sha512-u144MQhV/8mz4Y5wP86SQAWMwS8gpe/JavIa9hugSI4WreezGgbhJPdk2Q60KcdIltKLiNefGtHNh1N8SSmQqQ=="
        }
      }
    }
  }
}
